
Microsoft Visual Studio Solution File, Format Version 12.00
# Visual Studio Version 17
VisualStudioVersion = 17.3.32901.215
MinimumVisualStudioVersion = 10.0.40219.1
Project("{FAE04EC0-301F-11D3-BF4B-00C04F79EFBC}") = "MuayeneBilgi Yönetim Sistemi(MBYS)", "MuayeneBilgi Yönetim Sistemi(MBYS)\MuayeneBilgi Yönetim Sistemi(MBYS).csproj", "{BEDF4E00-B203-42B2-BC66-876E48DA91E1}"
EndProject
Global
	GlobalSection(SolutionConfigurationPlatforms) = preSolution
		Debug|Any CPU = Debug|Any CPU
		Release|Any CPU = Release|Any CPU
	EndGlobalSection
	GlobalSection(ProjectConfigurationPlatforms) = postSolution
		{BEDF4E00-B203-42B2-BC66-876E48DA91E1}.Debug|Any CPU.ActiveCfg = Debug|Any CPU
		{BEDF4E00-B203-42B2-BC66-876E48DA91E1}.Debug|Any CPU.Build.0 = Debug|Any CPU
		{BEDF4E00-B203-42B2-BC66-876E48DA91E1}.Release|Any CPU.ActiveCfg = Release|Any CPU
		{BEDF4E00-B203-42B2-BC66-876E48DA91E1}.Release|Any CPU.Build.0 = Release|Any CPU
	EndGlobalSection
	GlobalSection(SolutionProperties) = preSolution
		HideSolutionNode = FALSE
	EndGlobalSection
	GlobalSection(ExtensibilityGlobals) = postSolution
		SolutionGuid = {F2D1320E-EC81-4847-84CA-7B468D108D7C}
	EndGlobalSection
EndGlobal
